
Microsoft Visual Studio Solution File, Format Version 12.00
Project("{FAE04EC0-301F-11D3-BF4B-00C04F79EFBC}") = "ProiectCSharp", "ProiectCSharp\ProiectCSharp.csproj", "{8BDD657A-EA00-49B1-87EB-1EBE37E4293A}"
EndProject
Project("{FAE04EC0-301F-11D3-BF4B-00C04F79EFBC}") = "TransportModel", "TransportModel\TransportModel.csproj", "{95C45403-EDC5-458A-B18B-7A1F9210961F}"
EndProject
Project("{FAE04EC0-301F-11D3-BF4B-00C04F79EFBC}") = "TransportPersistence", "TransportPersistence\TransportPersistence.csproj", "{CEF8359B-D2EB-43C5-845A-DC3499348751}"
EndProject
Project("{FAE04EC0-301F-11D3-BF4B-00C04F79EFBC}") = "TransportServices", "TransportServices\TransportServices.csproj", "{12F78543-4149-44C4-95D2-F9A599ADDF4C}"
EndProject
Project("{FAE04EC0-301F-11D3-BF4B-00C04F79EFBC}") = "TransportNetworking", "TransportNetworking\TransportNetworking.csproj", "{EBC3C62B-CB1E-4A1A-B2A3-06FC199C99D0}"
EndProject
Project("{FAE04EC0-301F-11D3-BF4B-00C04F79EFBC}") = "TransportServer", "TransportServer\TransportServer.csproj", "{0E1EA76E-999E-4044-9F1A-0DA14CDBC7A2}"
EndProject
Project("{FAE04EC0-301F-11D3-BF4B-00C04F79EFBC}") = "TransportClient", "TransportClient\TransportClient.csproj", "{B37D3870-73A6-44ED-A2AF-B28DDF12236E}"
EndProject
Global
	GlobalSection(SolutionConfigurationPlatforms) = preSolution
		Debug|Any CPU = Debug|Any CPU
		Release|Any CPU = Release|Any CPU
	EndGlobalSection
	GlobalSection(ProjectConfigurationPlatforms) = postSolution
		{8BDD657A-EA00-49B1-87EB-1EBE37E4293A}.Debug|Any CPU.ActiveCfg = Debug|Any CPU
		{8BDD657A-EA00-49B1-87EB-1EBE37E4293A}.Debug|Any CPU.Build.0 = Debug|Any CPU
		{8BDD657A-EA00-49B1-87EB-1EBE37E4293A}.Release|Any CPU.ActiveCfg = Release|Any CPU
		{8BDD657A-EA00-49B1-87EB-1EBE37E4293A}.Release|Any CPU.Build.0 = Release|Any CPU
		{95C45403-EDC5-458A-B18B-7A1F9210961F}.Debug|Any CPU.ActiveCfg = Debug|Any CPU
		{95C45403-EDC5-458A-B18B-7A1F9210961F}.Debug|Any CPU.Build.0 = Debug|Any CPU
		{95C45403-EDC5-458A-B18B-7A1F9210961F}.Release|Any CPU.ActiveCfg = Release|Any CPU
		{95C45403-EDC5-458A-B18B-7A1F9210961F}.Release|Any CPU.Build.0 = Release|Any CPU
		{CEF8359B-D2EB-43C5-845A-DC3499348751}.Debug|Any CPU.ActiveCfg = Debug|Any CPU
		{CEF8359B-D2EB-43C5-845A-DC3499348751}.Debug|Any CPU.Build.0 = Debug|Any CPU
		{CEF8359B-D2EB-43C5-845A-DC3499348751}.Release|Any CPU.ActiveCfg = Release|Any CPU
		{CEF8359B-D2EB-43C5-845A-DC3499348751}.Release|Any CPU.Build.0 = Release|Any CPU
		{12F78543-4149-44C4-95D2-F9A599ADDF4C}.Debug|Any CPU.ActiveCfg = Debug|Any CPU
		{12F78543-4149-44C4-95D2-F9A599ADDF4C}.Debug|Any CPU.Build.0 = Debug|Any CPU
		{12F78543-4149-44C4-95D2-F9A599ADDF4C}.Release|Any CPU.ActiveCfg = Release|Any CPU
		{12F78543-4149-44C4-95D2-F9A599ADDF4C}.Release|Any CPU.Build.0 = Release|Any CPU
		{EBC3C62B-CB1E-4A1A-B2A3-06FC199C99D0}.Debug|Any CPU.ActiveCfg = Debug|Any CPU
		{EBC3C62B-CB1E-4A1A-B2A3-06FC199C99D0}.Debug|Any CPU.Build.0 = Debug|Any CPU
		{EBC3C62B-CB1E-4A1A-B2A3-06FC199C99D0}.Release|Any CPU.ActiveCfg = Release|Any CPU
		{EBC3C62B-CB1E-4A1A-B2A3-06FC199C99D0}.Release|Any CPU.Build.0 = Release|Any CPU
		{0E1EA76E-999E-4044-9F1A-0DA14CDBC7A2}.Debug|Any CPU.ActiveCfg = Debug|Any CPU
		{0E1EA76E-999E-4044-9F1A-0DA14CDBC7A2}.Debug|Any CPU.Build.0 = Debug|Any CPU
		{0E1EA76E-999E-4044-9F1A-0DA14CDBC7A2}.Release|Any CPU.ActiveCfg = Release|Any CPU
		{0E1EA76E-999E-4044-9F1A-0DA14CDBC7A2}.Release|Any CPU.Build.0 = Release|Any CPU
		{B37D3870-73A6-44ED-A2AF-B28DDF12236E}.Debug|Any CPU.ActiveCfg = Debug|Any CPU
		{B37D3870-73A6-44ED-A2AF-B28DDF12236E}.Debug|Any CPU.Build.0 = Debug|Any CPU
		{B37D3870-73A6-44ED-A2AF-B28DDF12236E}.Release|Any CPU.ActiveCfg = Release|Any CPU
		{B37D3870-73A6-44ED-A2AF-B28DDF12236E}.Release|Any CPU.Build.0 = Release|Any CPU
	EndGlobalSection
EndGlobal
