
Microsoft Visual Studio Solution File, Format Version 12.00
Project("{FAE04EC0-301F-11D3-BF4B-00C04F79EFBC}") = "Lab4_SGBD", "Lab4_SGBD\Lab4_SGBD.csproj", "{9337076F-1E6F-4E32-9176-7493D0F7A06F}"
EndProject
Global
	GlobalSection(SolutionConfigurationPlatforms) = preSolution
		Debug|Any CPU = Debug|Any CPU
		Release|Any CPU = Release|Any CPU
	EndGlobalSection
	GlobalSection(ProjectConfigurationPlatforms) = postSolution
		{9337076F-1E6F-4E32-9176-7493D0F7A06F}.Debug|Any CPU.ActiveCfg = Debug|Any CPU
		{9337076F-1E6F-4E32-9176-7493D0F7A06F}.Debug|Any CPU.Build.0 = Debug|Any CPU
		{9337076F-1E6F-4E32-9176-7493D0F7A06F}.Release|Any CPU.ActiveCfg = Release|Any CPU
		{9337076F-1E6F-4E32-9176-7493D0F7A06F}.Release|Any CPU.Build.0 = Release|Any CPU
	EndGlobalSection
EndGlobal
