
Microsoft Visual Studio Solution File, Format Version 12.00
Project("{FAE04EC0-301F-11D3-BF4B-00C04F79EFBC}") = "Lab14CSharp2", "Lab14CSharp2\Lab14CSharp2.csproj", "{1324581F-D52A-4C79-B662-0F0483E4523A}"
EndProject
Global
	GlobalSection(SolutionConfigurationPlatforms) = preSolution
		Debug|Any CPU = Debug|Any CPU
		Release|Any CPU = Release|Any CPU
	EndGlobalSection
	GlobalSection(ProjectConfigurationPlatforms) = postSolution
		{1324581F-D52A-4C79-B662-0F0483E4523A}.Debug|Any CPU.ActiveCfg = Debug|Any CPU
		{1324581F-D52A-4C79-B662-0F0483E4523A}.Debug|Any CPU.Build.0 = Debug|Any CPU
		{1324581F-D52A-4C79-B662-0F0483E4523A}.Release|Any CPU.ActiveCfg = Release|Any CPU
		{1324581F-D52A-4C79-B662-0F0483E4523A}.Release|Any CPU.Build.0 = Release|Any CPU
	EndGlobalSection
EndGlobal
